
Microsoft Visual Studio Solution File, Format Version 12.00
# Visual Studio 15
VisualStudioVersion = 15.0.27130.2036
MinimumVisualStudioVersion = 10.0.40219.1
Project("{8BC9CEB8-8B4A-11D0-8D11-00A0C91BC942}") = "PP01.HelloSDL", "PP01.HelloSDL\PP01.HelloSDL.vcxproj", "{45525165-4219-45FA-9503-8842DE9F0451}"
EndProject
Project("{8BC9CEB8-8B4A-11D0-8D11-00A0C91BC942}") = "PP02.BreakUpHelloSDL", "PP02.BreakUpHelloSDL\PP02.BreakUpHelloSDL.vcxproj", "{1937581F-6D2B-4216-8D9C-18DB35B2FCCE}"
EndProject
Global
	GlobalSection(SolutionConfigurationPlatforms) = preSolution
		Debug|x64 = Debug|x64
		Debug|x86 = Debug|x86
		Release|x64 = Release|x64
		Release|x86 = Release|x86
	EndGlobalSection
	GlobalSection(ProjectConfigurationPlatforms) = postSolution
		{45525165-4219-45FA-9503-8842DE9F0451}.Debug|x64.ActiveCfg = Debug|x64
		{45525165-4219-45FA-9503-8842DE9F0451}.Debug|x64.Build.0 = Debug|x64
		{45525165-4219-45FA-9503-8842DE9F0451}.Debug|x86.ActiveCfg = Debug|Win32
		{45525165-4219-45FA-9503-8842DE9F0451}.Debug|x86.Build.0 = Debug|Win32
		{45525165-4219-45FA-9503-8842DE9F0451}.Release|x64.ActiveCfg = Release|x64
		{45525165-4219-45FA-9503-8842DE9F0451}.Release|x64.Build.0 = Release|x64
		{45525165-4219-45FA-9503-8842DE9F0451}.Release|x86.ActiveCfg = Release|Win32
		{45525165-4219-45FA-9503-8842DE9F0451}.Release|x86.Build.0 = Release|Win32
		{1937581F-6D2B-4216-8D9C-18DB35B2FCCE}.Debug|x64.ActiveCfg = Debug|x64
		{1937581F-6D2B-4216-8D9C-18DB35B2FCCE}.Debug|x64.Build.0 = Debug|x64
		{1937581F-6D2B-4216-8D9C-18DB35B2FCCE}.Debug|x86.ActiveCfg = Debug|Win32
		{1937581F-6D2B-4216-8D9C-18DB35B2FCCE}.Debug|x86.Build.0 = Debug|Win32
		{1937581F-6D2B-4216-8D9C-18DB35B2FCCE}.Release|x64.ActiveCfg = Release|x64
		{1937581F-6D2B-4216-8D9C-18DB35B2FCCE}.Release|x64.Build.0 = Release|x64
		{1937581F-6D2B-4216-8D9C-18DB35B2FCCE}.Release|x86.ActiveCfg = Release|Win32
		{1937581F-6D2B-4216-8D9C-18DB35B2FCCE}.Release|x86.Build.0 = Release|Win32
	EndGlobalSection
	GlobalSection(SolutionProperties) = preSolution
		HideSolutionNode = FALSE
	EndGlobalSection
	GlobalSection(ExtensibilityGlobals) = postSolution
		SolutionGuid = {A9ABEC8A-1739-4535-A8E5-B8FB1E3895C1}
	EndGlobalSection
EndGlobal
